
Microsoft Visual Studio Solution File, Format Version 12.00
# Visual Studio Version 17
VisualStudioVersion = 17.6.33815.320
MinimumVisualStudioVersion = 10.0.40219.1
Project("{FAE04EC0-301F-11D3-BF4B-00C04F79EFBC}") = "GUI", "Assignment1_MaiTrongViet\GUI.csproj", "{028B02C0-7971-4989-93DE-359F2416E62C}"
EndProject
Project("{FAE04EC0-301F-11D3-BF4B-00C04F79EFBC}") = "ShopBO", "ShopBO\ShopBO.csproj", "{8EB34681-8A3A-4971-9DB0-BEF50B946374}"
EndProject
Project("{FAE04EC0-301F-11D3-BF4B-00C04F79EFBC}") = "ShopDAO", "ShopDAO\ShopDAO.csproj", "{08308952-41A6-42C5-8DD8-CDC8552A53D7}"
EndProject
Project("{FAE04EC0-301F-11D3-BF4B-00C04F79EFBC}") = "ShopREPO", "ShopREPO\ShopREPO.csproj", "{1DD4A2E4-4E31-4EB4-851A-3C970B5F15A7}"
EndProject
Project("{FAE04EC0-301F-11D3-BF4B-00C04F79EFBC}") = "ShopSERVICE", "ShopSERVICE\ShopSERVICE.csproj", "{8D84D22F-3D10-46A1-B790-044DEBE1CADB}"
EndProject
Global
	GlobalSection(SolutionConfigurationPlatforms) = preSolution
		Debug|Any CPU = Debug|Any CPU
		Release|Any CPU = Release|Any CPU
	EndGlobalSection
	GlobalSection(ProjectConfigurationPlatforms) = postSolution
		{028B02C0-7971-4989-93DE-359F2416E62C}.Debug|Any CPU.ActiveCfg = Debug|Any CPU
		{028B02C0-7971-4989-93DE-359F2416E62C}.Debug|Any CPU.Build.0 = Debug|Any CPU
		{028B02C0-7971-4989-93DE-359F2416E62C}.Release|Any CPU.ActiveCfg = Release|Any CPU
		{028B02C0-7971-4989-93DE-359F2416E62C}.Release|Any CPU.Build.0 = Release|Any CPU
		{8EB34681-8A3A-4971-9DB0-BEF50B946374}.Debug|Any CPU.ActiveCfg = Debug|Any CPU
		{8EB34681-8A3A-4971-9DB0-BEF50B946374}.Debug|Any CPU.Build.0 = Debug|Any CPU
		{8EB34681-8A3A-4971-9DB0-BEF50B946374}.Release|Any CPU.ActiveCfg = Release|Any CPU
		{8EB34681-8A3A-4971-9DB0-BEF50B946374}.Release|Any CPU.Build.0 = Release|Any CPU
		{08308952-41A6-42C5-8DD8-CDC8552A53D7}.Debug|Any CPU.ActiveCfg = Debug|Any CPU
		{08308952-41A6-42C5-8DD8-CDC8552A53D7}.Debug|Any CPU.Build.0 = Debug|Any CPU
		{08308952-41A6-42C5-8DD8-CDC8552A53D7}.Release|Any CPU.ActiveCfg = Release|Any CPU
		{08308952-41A6-42C5-8DD8-CDC8552A53D7}.Release|Any CPU.Build.0 = Release|Any CPU
		{1DD4A2E4-4E31-4EB4-851A-3C970B5F15A7}.Debug|Any CPU.ActiveCfg = Debug|Any CPU
		{1DD4A2E4-4E31-4EB4-851A-3C970B5F15A7}.Debug|Any CPU.Build.0 = Debug|Any CPU
		{1DD4A2E4-4E31-4EB4-851A-3C970B5F15A7}.Release|Any CPU.ActiveCfg = Release|Any CPU
		{1DD4A2E4-4E31-4EB4-851A-3C970B5F15A7}.Release|Any CPU.Build.0 = Release|Any CPU
		{8D84D22F-3D10-46A1-B790-044DEBE1CADB}.Debug|Any CPU.ActiveCfg = Debug|Any CPU
		{8D84D22F-3D10-46A1-B790-044DEBE1CADB}.Debug|Any CPU.Build.0 = Debug|Any CPU
		{8D84D22F-3D10-46A1-B790-044DEBE1CADB}.Release|Any CPU.ActiveCfg = Release|Any CPU
		{8D84D22F-3D10-46A1-B790-044DEBE1CADB}.Release|Any CPU.Build.0 = Release|Any CPU
	EndGlobalSection
	GlobalSection(SolutionProperties) = preSolution
		HideSolutionNode = FALSE
	EndGlobalSection
	GlobalSection(ExtensibilityGlobals) = postSolution
		SolutionGuid = {FF5B08BF-46B5-4528-A0F0-A3F5E8654848}
	EndGlobalSection
EndGlobal
